
Microsoft Visual Studio Solution File, Format Version 12.00
# Visual Studio Version 17
VisualStudioVersion = 17.0.31919.166
MinimumVisualStudioVersion = 10.0.40219.1
Project("{9A19103F-16F7-4668-BE54-9A1E7A4F7556}") = "RomanToInt32", "AlgorithmTraining\RomanToInt32.csproj", "{06C9A1F5-5781-4A19-8257-FEA978180D4F}"
EndProject
Project("{9A19103F-16F7-4668-BE54-9A1E7A4F7556}") = "RandomChance", "RandomChance\RandomChance.csproj", "{376BC051-2B4C-43BA-B0AC-CA29B03F8CCF}"
EndProject
Global
	GlobalSection(SolutionConfigurationPlatforms) = preSolution
		Debug|Any CPU = Debug|Any CPU
		Release|Any CPU = Release|Any CPU
	EndGlobalSection
	GlobalSection(ProjectConfigurationPlatforms) = postSolution
		{06C9A1F5-5781-4A19-8257-FEA978180D4F}.Debug|Any CPU.ActiveCfg = Debug|Any CPU
		{06C9A1F5-5781-4A19-8257-FEA978180D4F}.Debug|Any CPU.Build.0 = Debug|Any CPU
		{06C9A1F5-5781-4A19-8257-FEA978180D4F}.Release|Any CPU.ActiveCfg = Release|Any CPU
		{06C9A1F5-5781-4A19-8257-FEA978180D4F}.Release|Any CPU.Build.0 = Release|Any CPU
		{376BC051-2B4C-43BA-B0AC-CA29B03F8CCF}.Debug|Any CPU.ActiveCfg = Debug|Any CPU
		{376BC051-2B4C-43BA-B0AC-CA29B03F8CCF}.Debug|Any CPU.Build.0 = Debug|Any CPU
		{376BC051-2B4C-43BA-B0AC-CA29B03F8CCF}.Release|Any CPU.ActiveCfg = Release|Any CPU
		{376BC051-2B4C-43BA-B0AC-CA29B03F8CCF}.Release|Any CPU.Build.0 = Release|Any CPU
	EndGlobalSection
	GlobalSection(SolutionProperties) = preSolution
		HideSolutionNode = FALSE
	EndGlobalSection
	GlobalSection(ExtensibilityGlobals) = postSolution
		SolutionGuid = {699A69FD-1DE7-48AB-97AF-AA0F68665008}
	EndGlobalSection
EndGlobal
